
Microsoft Visual Studio Solution File, Format Version 12.00
# Visual Studio 2012
Project("{F184B08F-C81C-45F6-A57F-5ABD9991F28F}") = "TemperatureLogging", "TemperatureLogging\TemperatureLogging.vbproj", "{B59A642E-5FFF-45A3-ACF7-FE781CDE8C17}"
EndProject
Project("{F184B08F-C81C-45F6-A57F-5ABD9991F28F}") = "RadiatorController", "RadiatorController\RadiatorController.vbproj", "{2ECED190-7862-4674-9001-16DA37176D42}"
EndProject
Project("{F184B08F-C81C-45F6-A57F-5ABD9991F28F}") = "RelayController", "RelayController\RelayController.vbproj", "{BF47E992-B494-41CD-9EA5-421936D600DA}"
EndProject
Project("{F184B08F-C81C-45F6-A57F-5ABD9991F28F}") = "Tests", "Tests\Tests.vbproj", "{3E7799BC-C9FD-4BC8-A5BA-F19A7EC6B17B}"
EndProject
Project("{2150E333-8FDC-42A3-9474-1A3956D46DE8}") = "Solution Items", "Solution Items", "{B80175EF-9E9B-438E-A14C-0A48845589D2}"
	ProjectSection(SolutionItems) = preProject
		HomeAutomation.vsmdi = HomeAutomation.vsmdi
		Local.testsettings = Local.testsettings
		TraceAndTestImpact.testsettings = TraceAndTestImpact.testsettings
	EndProjectSection
EndProject
Project("{F184B08F-C81C-45F6-A57F-5ABD9991F28F}") = "RadiatorInteractiveTest", "RadiatorInteractiveTest\RadiatorInteractiveTest.vbproj", "{DC777543-604D-4BA7-93A5-D414A38A6ECA}"
EndProject
Project("{2150E333-8FDC-42A3-9474-1A3956D46DE8}") = "Services", "Services", "{C36BD4DA-65FF-4F03-818E-4CD81E3EF48D}"
EndProject
Project("{2150E333-8FDC-42A3-9474-1A3956D46DE8}") = "Libraries", "Libraries", "{14962BBF-94A7-4877-8ABD-F5D3ECC73C8F}"
EndProject
Project("{2150E333-8FDC-42A3-9474-1A3956D46DE8}") = "Tests", "Tests", "{C05C6F49-8646-4ADB-8BF8-2CE217D3D72F}"
EndProject
Project("{F184B08F-C81C-45F6-A57F-5ABD9991F28F}") = "TemperatureActuator", "TemperatureActuator\TemperatureActuator.vbproj", "{DC96FB2D-ECA9-414F-926F-B61B6273BD80}"
EndProject
Project("{F184B08F-C81C-45F6-A57F-5ABD9991F28F}") = "TemperatureDataCore", "TemperatureDataCore\TemperatureDataCore.vbproj", "{AB44ED60-996B-4C26-A169-230F25DD8037}"
EndProject
Project("{F184B08F-C81C-45F6-A57F-5ABD9991F28F}") = "TemperatureActuatorWPF", "TemperatureActuatorWPF\TemperatureActuatorWPF.vbproj", "{DD3BB574-0A30-4FBE-901A-E623C50155FE}"
EndProject
Global
	GlobalSection(TestCaseManagementSettings) = postSolution
		CategoryFile = HomeAutomation.vsmdi
	EndGlobalSection
	GlobalSection(SolutionConfigurationPlatforms) = preSolution
		Debug|Any CPU = Debug|Any CPU
		Debug|Mixed Platforms = Debug|Mixed Platforms
		Debug|x86 = Debug|x86
		Release|Any CPU = Release|Any CPU
		Release|Mixed Platforms = Release|Mixed Platforms
		Release|x86 = Release|x86
	EndGlobalSection
	GlobalSection(ProjectConfigurationPlatforms) = postSolution
		{B59A642E-5FFF-45A3-ACF7-FE781CDE8C17}.Debug|Any CPU.ActiveCfg = Debug|x86
		{B59A642E-5FFF-45A3-ACF7-FE781CDE8C17}.Debug|Mixed Platforms.ActiveCfg = Debug|x86
		{B59A642E-5FFF-45A3-ACF7-FE781CDE8C17}.Debug|Mixed Platforms.Build.0 = Debug|x86
		{B59A642E-5FFF-45A3-ACF7-FE781CDE8C17}.Debug|x86.ActiveCfg = Debug|x86
		{B59A642E-5FFF-45A3-ACF7-FE781CDE8C17}.Debug|x86.Build.0 = Debug|x86
		{B59A642E-5FFF-45A3-ACF7-FE781CDE8C17}.Release|Any CPU.ActiveCfg = Release|x86
		{B59A642E-5FFF-45A3-ACF7-FE781CDE8C17}.Release|Mixed Platforms.ActiveCfg = Release|x86
		{B59A642E-5FFF-45A3-ACF7-FE781CDE8C17}.Release|Mixed Platforms.Build.0 = Release|x86
		{B59A642E-5FFF-45A3-ACF7-FE781CDE8C17}.Release|x86.ActiveCfg = Release|x86
		{B59A642E-5FFF-45A3-ACF7-FE781CDE8C17}.Release|x86.Build.0 = Release|x86
		{2ECED190-7862-4674-9001-16DA37176D42}.Debug|Any CPU.ActiveCfg = Debug|Any CPU
		{2ECED190-7862-4674-9001-16DA37176D42}.Debug|Any CPU.Build.0 = Debug|Any CPU
		{2ECED190-7862-4674-9001-16DA37176D42}.Debug|Mixed Platforms.ActiveCfg = Debug|Any CPU
		{2ECED190-7862-4674-9001-16DA37176D42}.Debug|Mixed Platforms.Build.0 = Debug|Any CPU
		{2ECED190-7862-4674-9001-16DA37176D42}.Debug|x86.ActiveCfg = Debug|Any CPU
		{2ECED190-7862-4674-9001-16DA37176D42}.Release|Any CPU.ActiveCfg = Release|Any CPU
		{2ECED190-7862-4674-9001-16DA37176D42}.Release|Any CPU.Build.0 = Release|Any CPU
		{2ECED190-7862-4674-9001-16DA37176D42}.Release|Mixed Platforms.ActiveCfg = Release|Any CPU
		{2ECED190-7862-4674-9001-16DA37176D42}.Release|Mixed Platforms.Build.0 = Release|Any CPU
		{2ECED190-7862-4674-9001-16DA37176D42}.Release|x86.ActiveCfg = Release|Any CPU
		{BF47E992-B494-41CD-9EA5-421936D600DA}.Debug|Any CPU.ActiveCfg = Debug|Any CPU
		{BF47E992-B494-41CD-9EA5-421936D600DA}.Debug|Any CPU.Build.0 = Debug|Any CPU
		{BF47E992-B494-41CD-9EA5-421936D600DA}.Debug|Mixed Platforms.ActiveCfg = Debug|Any CPU
		{BF47E992-B494-41CD-9EA5-421936D600DA}.Debug|Mixed Platforms.Build.0 = Debug|Any CPU
		{BF47E992-B494-41CD-9EA5-421936D600DA}.Debug|x86.ActiveCfg = Debug|Any CPU
		{BF47E992-B494-41CD-9EA5-421936D600DA}.Release|Any CPU.ActiveCfg = Release|Any CPU
		{BF47E992-B494-41CD-9EA5-421936D600DA}.Release|Any CPU.Build.0 = Release|Any CPU
		{BF47E992-B494-41CD-9EA5-421936D600DA}.Release|Mixed Platforms.ActiveCfg = Release|Any CPU
		{BF47E992-B494-41CD-9EA5-421936D600DA}.Release|Mixed Platforms.Build.0 = Release|Any CPU
		{BF47E992-B494-41CD-9EA5-421936D600DA}.Release|x86.ActiveCfg = Release|Any CPU
		{3E7799BC-C9FD-4BC8-A5BA-F19A7EC6B17B}.Debug|Any CPU.ActiveCfg = Debug|Any CPU
		{3E7799BC-C9FD-4BC8-A5BA-F19A7EC6B17B}.Debug|Any CPU.Build.0 = Debug|Any CPU
		{3E7799BC-C9FD-4BC8-A5BA-F19A7EC6B17B}.Debug|Mixed Platforms.ActiveCfg = Debug|Any CPU
		{3E7799BC-C9FD-4BC8-A5BA-F19A7EC6B17B}.Debug|Mixed Platforms.Build.0 = Debug|Any CPU
		{3E7799BC-C9FD-4BC8-A5BA-F19A7EC6B17B}.Debug|x86.ActiveCfg = Debug|Any CPU
		{3E7799BC-C9FD-4BC8-A5BA-F19A7EC6B17B}.Release|Any CPU.ActiveCfg = Release|Any CPU
		{3E7799BC-C9FD-4BC8-A5BA-F19A7EC6B17B}.Release|Any CPU.Build.0 = Release|Any CPU
		{3E7799BC-C9FD-4BC8-A5BA-F19A7EC6B17B}.Release|Mixed Platforms.ActiveCfg = Release|Any CPU
		{3E7799BC-C9FD-4BC8-A5BA-F19A7EC6B17B}.Release|Mixed Platforms.Build.0 = Release|Any CPU
		{3E7799BC-C9FD-4BC8-A5BA-F19A7EC6B17B}.Release|x86.ActiveCfg = Release|Any CPU
		{DC777543-604D-4BA7-93A5-D414A38A6ECA}.Debug|Any CPU.ActiveCfg = Debug|x86
		{DC777543-604D-4BA7-93A5-D414A38A6ECA}.Debug|Mixed Platforms.ActiveCfg = Debug|x86
		{DC777543-604D-4BA7-93A5-D414A38A6ECA}.Debug|Mixed Platforms.Build.0 = Debug|x86
		{DC777543-604D-4BA7-93A5-D414A38A6ECA}.Debug|x86.ActiveCfg = Debug|x86
		{DC777543-604D-4BA7-93A5-D414A38A6ECA}.Debug|x86.Build.0 = Debug|x86
		{DC777543-604D-4BA7-93A5-D414A38A6ECA}.Release|Any CPU.ActiveCfg = Release|x86
		{DC777543-604D-4BA7-93A5-D414A38A6ECA}.Release|Mixed Platforms.ActiveCfg = Release|x86
		{DC777543-604D-4BA7-93A5-D414A38A6ECA}.Release|Mixed Platforms.Build.0 = Release|x86
		{DC777543-604D-4BA7-93A5-D414A38A6ECA}.Release|x86.ActiveCfg = Release|x86
		{DC777543-604D-4BA7-93A5-D414A38A6ECA}.Release|x86.Build.0 = Release|x86
		{DC96FB2D-ECA9-414F-926F-B61B6273BD80}.Debug|Any CPU.ActiveCfg = Debug|Any CPU
		{DC96FB2D-ECA9-414F-926F-B61B6273BD80}.Debug|Any CPU.Build.0 = Debug|Any CPU
		{DC96FB2D-ECA9-414F-926F-B61B6273BD80}.Debug|Mixed Platforms.ActiveCfg = Debug|Any CPU
		{DC96FB2D-ECA9-414F-926F-B61B6273BD80}.Debug|Mixed Platforms.Build.0 = Debug|Any CPU
		{DC96FB2D-ECA9-414F-926F-B61B6273BD80}.Debug|x86.ActiveCfg = Debug|Any CPU
		{DC96FB2D-ECA9-414F-926F-B61B6273BD80}.Release|Any CPU.ActiveCfg = Release|Any CPU
		{DC96FB2D-ECA9-414F-926F-B61B6273BD80}.Release|Any CPU.Build.0 = Release|Any CPU
		{DC96FB2D-ECA9-414F-926F-B61B6273BD80}.Release|Mixed Platforms.ActiveCfg = Release|Any CPU
		{DC96FB2D-ECA9-414F-926F-B61B6273BD80}.Release|Mixed Platforms.Build.0 = Release|Any CPU
		{DC96FB2D-ECA9-414F-926F-B61B6273BD80}.Release|x86.ActiveCfg = Release|Any CPU
		{AB44ED60-996B-4C26-A169-230F25DD8037}.Debug|Any CPU.ActiveCfg = Debug|Any CPU
		{AB44ED60-996B-4C26-A169-230F25DD8037}.Debug|Any CPU.Build.0 = Debug|Any CPU
		{AB44ED60-996B-4C26-A169-230F25DD8037}.Debug|Mixed Platforms.ActiveCfg = Debug|Any CPU
		{AB44ED60-996B-4C26-A169-230F25DD8037}.Debug|Mixed Platforms.Build.0 = Debug|Any CPU
		{AB44ED60-996B-4C26-A169-230F25DD8037}.Debug|x86.ActiveCfg = Debug|Any CPU
		{AB44ED60-996B-4C26-A169-230F25DD8037}.Release|Any CPU.ActiveCfg = Release|Any CPU
		{AB44ED60-996B-4C26-A169-230F25DD8037}.Release|Any CPU.Build.0 = Release|Any CPU
		{AB44ED60-996B-4C26-A169-230F25DD8037}.Release|Mixed Platforms.ActiveCfg = Release|Any CPU
		{AB44ED60-996B-4C26-A169-230F25DD8037}.Release|Mixed Platforms.Build.0 = Release|Any CPU
		{AB44ED60-996B-4C26-A169-230F25DD8037}.Release|x86.ActiveCfg = Release|Any CPU
		{DD3BB574-0A30-4FBE-901A-E623C50155FE}.Debug|Any CPU.ActiveCfg = Debug|Any CPU
		{DD3BB574-0A30-4FBE-901A-E623C50155FE}.Debug|Any CPU.Build.0 = Debug|Any CPU
		{DD3BB574-0A30-4FBE-901A-E623C50155FE}.Debug|Mixed Platforms.ActiveCfg = Debug|Any CPU
		{DD3BB574-0A30-4FBE-901A-E623C50155FE}.Debug|Mixed Platforms.Build.0 = Debug|Any CPU
		{DD3BB574-0A30-4FBE-901A-E623C50155FE}.Debug|x86.ActiveCfg = Debug|Any CPU
		{DD3BB574-0A30-4FBE-901A-E623C50155FE}.Release|Any CPU.ActiveCfg = Release|Any CPU
		{DD3BB574-0A30-4FBE-901A-E623C50155FE}.Release|Any CPU.Build.0 = Release|Any CPU
		{DD3BB574-0A30-4FBE-901A-E623C50155FE}.Release|Mixed Platforms.ActiveCfg = Release|Any CPU
		{DD3BB574-0A30-4FBE-901A-E623C50155FE}.Release|Mixed Platforms.Build.0 = Release|Any CPU
		{DD3BB574-0A30-4FBE-901A-E623C50155FE}.Release|x86.ActiveCfg = Release|Any CPU
	EndGlobalSection
	GlobalSection(SolutionProperties) = preSolution
		HideSolutionNode = FALSE
	EndGlobalSection
	GlobalSection(NestedProjects) = preSolution
		{B59A642E-5FFF-45A3-ACF7-FE781CDE8C17} = {C36BD4DA-65FF-4F03-818E-4CD81E3EF48D}
		{DC96FB2D-ECA9-414F-926F-B61B6273BD80} = {C36BD4DA-65FF-4F03-818E-4CD81E3EF48D}
		{AB44ED60-996B-4C26-A169-230F25DD8037} = {C36BD4DA-65FF-4F03-818E-4CD81E3EF48D}
		{DD3BB574-0A30-4FBE-901A-E623C50155FE} = {C36BD4DA-65FF-4F03-818E-4CD81E3EF48D}
		{BF47E992-B494-41CD-9EA5-421936D600DA} = {14962BBF-94A7-4877-8ABD-F5D3ECC73C8F}
		{2ECED190-7862-4674-9001-16DA37176D42} = {14962BBF-94A7-4877-8ABD-F5D3ECC73C8F}
		{DC777543-604D-4BA7-93A5-D414A38A6ECA} = {C05C6F49-8646-4ADB-8BF8-2CE217D3D72F}
		{3E7799BC-C9FD-4BC8-A5BA-F19A7EC6B17B} = {C05C6F49-8646-4ADB-8BF8-2CE217D3D72F}
	EndGlobalSection
EndGlobal
